// !$*UTF8*$!
{
	archiveVersion = 1;
	classes = {
	};
	objectVersion = 50;
	objects = {

/* Begin PBXBuildFile section */
		665B5531248B113C009BD7DA /* AppDelegate.swift in Sources */ = {isa = PBXBuildFile; fileRef = 665B5530248B113C009BD7DA /* AppDelegate.swift */; };
		665B5533248B113C009BD7DA /* SceneDelegate.swift in Sources */ = {isa = PBXBuildFile; fileRef = 665B5532248B113C009BD7DA /* SceneDelegate.swift */; };
		665B5535248B113C009BD7DA /* CalculateViewController.swift in Sources */ = {isa = PBXBuildFile; fileRef = 665B5534248B113C009BD7DA /* CalculateViewController.swift */; };
		665B5538248B113C009BD7DA /* Main.storyboard in Resources */ = {isa = PBXBuildFile; fileRef = 665B5536248B113C009BD7DA /* Main.storyboard */; };
		665B553A248B113D009BD7DA /* Assets.xcassets in Resources */ = {isa = PBXBuildFile; fileRef = 665B5539248B113D009BD7DA /* Assets.xcassets */; };
		665B553D248B113D009BD7DA /* LaunchScreen.storyboard in Resources */ = {isa = PBXBuildFile; fileRef = 665B553B248B113D009BD7DA /* LaunchScreen.storyboard */; };
		665B5548248B14EA009BD7DA /* BMI.swift in Sources */ = {isa = PBXBuildFile; fileRef = 665B5547248B14EA009BD7DA /* BMI.swift */; };
		667FE2DF248B4EE7006A4840 /* ResultsViewController.swift in Sources */ = {isa = PBXBuildFile; fileRef = 667FE2DE248B4EE7006A4840 /* ResultsViewController.swift */; };
		667FE2E1248B58AD006A4840 /* CalculatorBrain.swift in Sources */ = {isa = PBXBuildFile; fileRef = 667FE2E0248B58AD006A4840 /* CalculatorBrain.swift */; };
/* End PBXBuildFile section */

/* Begin PBXFileReference section */
		665B552D248B113C009BD7DA /* BMICalculator.app */ = {isa = PBXFileReference; explicitFileType = wrapper.application; includeInIndex = 0; path = BMICalculator.app; sourceTree = BUILT_PRODUCTS_DIR; };
		665B5530248B113C009BD7DA /* AppDelegate.swift */ = {isa = PBXFileReference; lastKnownFileType = sourcecode.swift; path = AppDelegate.swift; sourceTree = "<group>"; };
		665B5532248B113C009BD7DA /* SceneDelegate.swift */ = {isa = PBXFileReference; lastKnownFileType = sourcecode.swift; path = SceneDelegate.swift; sourceTree = "<group>"; };
		665B5534248B113C009BD7DA /* CalculateViewController.swift */ = {isa = PBXFileReference; lastKnownFileType = sourcecode.swift; path = CalculateViewController.swift; sourceTree = "<group>"; };
		665B5537248B113C009BD7DA /* Base */ = {isa = PBXFileReference; lastKnownFileType = file.storyboard; name = Base; path = Base.lproj/Main.storyboard; sourceTree = "<group>"; };
		665B5539248B113D009BD7DA /* Assets.xcassets */ = {isa = PBXFileReference; lastKnownFileType = folder.assetcatalog; path = Assets.xcassets; sourceTree = "<group>"; };
		665B553C248B113D009BD7DA /* Base */ = {isa = PBXFileReference; lastKnownFileType = file.storyboard; name = Base; path = Base.lproj/LaunchScreen.storyboard; sourceTree = "<group>"; };
		665B553E248B113D009BD7DA /* Info.plist */ = {isa = PBXFileReference; lastKnownFileType = text.plist.xml; path = Info.plist; sourceTree = "<group>"; };
		665B5547248B14EA009BD7DA /* BMI.swift */ = {isa = PBXFileReference; lastKnownFileType = sourcecode.swift; path = BMI.swift; sourceTree = "<group>"; };
		667FE2DE248B4EE7006A4840 /* ResultsViewController.swift */ = {isa = PBXFileReference; lastKnownFileType = sourcecode.swift; path = ResultsViewController.swift; sourceTree = "<group>"; };
		667FE2E0248B58AD006A4840 /* CalculatorBrain.swift */ = {isa = PBXFileReference; lastKnownFileType = sourcecode.swift; path = CalculatorBrain.swift; sourceTree = "<group>"; };
/* End PBXFileReference section */

/* Begin PBXFrameworksBuildPhase section */
		665B552A248B113C009BD7DA /* Frameworks */ = {
			isa = PBXFrameworksBuildPhase;
			buildActionMask = 2147483647;
			files = (
			);
			runOnlyForDeploymentPostprocessing = 0;
		};
/* End PBXFrameworksBuildPhase section */

/* Begin PBXGroup section */
		665B5524248B113C009BD7DA = {
			isa = PBXGroup;
			children = (
				665B552F248B113C009BD7DA /* BMICalculator */,
				665B552E248B113C009BD7DA /* Products */,
			);
			sourceTree = "<group>";
		};
		665B552E248B113C009BD7DA /* Products */ = {
			isa = PBXGroup;
			children = (
				665B552D248B113C009BD7DA /* BMICalculator.app */,
			);
			name = Products;
			sourceTree = "<group>";
		};
		665B552F248B113C009BD7DA /* BMICalculator */ = {
			isa = PBXGroup;
			children = (
				665B5544248B1469009BD7DA /* Model */,
				665B5545248B1471009BD7DA /* View */,
				665B5546248B1478009BD7DA /* Controller */,
				665B5530248B113C009BD7DA /* AppDelegate.swift */,
				665B5532248B113C009BD7DA /* SceneDelegate.swift */,
				665B5539248B113D009BD7DA /* Assets.xcassets */,
				665B553B248B113D009BD7DA /* LaunchScreen.storyboard */,
				665B553E248B113D009BD7DA /* Info.plist */,
			);
			path = BMICalculator;
			sourceTree = "<group>";
		};
		665B5544248B1469009BD7DA /* Model */ = {
			isa = PBXGroup;
			children = (
				665B5547248B14EA009BD7DA /* BMI.swift */,
				667FE2E0248B58AD006A4840 /* CalculatorBrain.swift */,
			);
			path = Model;
			sourceTree = "<group>";
		};
		665B5545248B1471009BD7DA /* View */ = {
			isa = PBXGroup;
			children = (
				665B5536248B113C009BD7DA /* Main.storyboard */,
			);
			path = View;
			sourceTree = "<group>";
		};
		665B5546248B1478009BD7DA /* Controller */ = {
			isa = PBXGroup;
			children = (
				665B5534248B113C009BD7DA /* CalculateViewController.swift */,
				667FE2DE248B4EE7006A4840 /* ResultsViewController.swift */,
			);
			path = Controller;
			sourceTree = "<group>";
		};
/* End PBXGroup section */

/* Begin PBXNativeTarget section */
		665B552C248B113C009BD7DA /* BMICalculator */ = {
			isa = PBXNativeTarget;
			buildConfigurationList = 665B5541248B113D009BD7DA /* Build configuration list for PBXNativeTarget "BMICalculator" */;
			buildPhases = (
				665B5529248B113C009BD7DA /* Sources */,
				665B552A248B113C009BD7DA /* Frameworks */,
				665B552B248B113C009BD7DA /* Resources */,
			);
			buildRules = (
			);
			dependencies = (
			);
			name = BMICalculator;
			productName = BMICalculator;
			productReference = 665B552D248B113C009BD7DA /* BMICalculator.app */;
			productType = "com.apple.product-type.application";
		};
/* End PBXNativeTarget section */

/* Begin PBXProject section */
		665B5525248B113C009BD7DA /* Project object */ = {
			isa = PBXProject;
			attributes = {
				LastSwiftUpdateCheck = 1140;
				LastUpgradeCheck = 1140;
				ORGANIZATIONNAME = mo3aru;
				TargetAttributes = {
					665B552C248B113C009BD7DA = {
						CreatedOnToolsVersion = 11.4.1;
					};
				};
			};
			buildConfigurationList = 665B5528248B113C009BD7DA /* Build configuration list for PBXProject "BMICalculator" */;
			compatibilityVersion = "Xcode 9.3";
			developmentRegion = en;
			hasScannedForEncodings = 0;
			knownRegions = (
				en,
				Base,
			);
			mainGroup = 665B5524248B113C009BD7DA;
			productRefGroup = 665B552E248B113C009BD7DA /* Products */;
			projectDirPath = "";
			projectRoot = "";
			targets = (
				665B552C248B113C009BD7DA /* BMICalculator */,
			);
		};
/* End PBXProject section */

/* Begin PBXResourcesBuildPhase section */
		665B552B248B113C009BD7DA /* Resources */ = {
			isa = PBXResourcesBuildPhase;
			buildActionMask = 2147483647;
			files = (
				665B553D248B113D009BD7DA /* LaunchScreen.storyboard in Resources */,
				665B553A248B113D009BD7DA /* Assets.xcassets in Resources */,
				665B5538248B113C009BD7DA /* Main.storyboard in Resources */,
			);
			runOnlyForDeploymentPostprocessing = 0;
		};
/* End PBXResourcesBuildPhase section */

/* Begin PBXSourcesBuildPhase section */
		665B5529248B113C009BD7DA /* Sources */ = {
			isa = PBXSourcesBuildPhase;
			buildActionMask = 2147483647;
			files = (
				667FE2E1248B58AD006A4840 /* CalculatorBrain.swift in Sources */,
				665B5548248B14EA009BD7DA /* BMI.swift in Sources */,
				665B5535248B113C009BD7DA /* CalculateViewController.swift in Sources */,
				665B5531248B113C009BD7DA /* AppDelegate.swift in Sources */,
				665B5533248B113C009BD7DA /* SceneDelegate.swift in Sources */,
				667FE2DF248B4EE7006A4840 /* ResultsViewController.swift in Sources */,
			);
			runOnlyForDeploymentPostprocessing = 0;
		};
/* End PBXSourcesBuildPhase section */

/* Begin PBXVariantGroup section */
		665B5536248B113C009BD7DA /* Main.storyboard */ = {
			isa = PBXVariantGroup;
			children = (
				665B5537248B113C009BD7DA /* Base */,
			);
			name = Main.storyboard;
			sourceTree = "<group>";
		};
		665B553B248B113D009BD7DA /* LaunchScreen.storyboard */ = {
			isa = PBXVariantGroup;
			children = (
				665B553C248B113D009BD7DA /* Base */,
			);
			name = LaunchScreen.storyboard;
			sourceTree = "<group>";
		};
/* End PBXVariantGroup section */

/* Begin XCBuildConfiguration section */
		665B553F248B113D009BD7DA /* Debug */ = {
			isa = XCBuildConfiguration;
			buildSettings = {
				ALWAYS_SEARCH_USER_PATHS = NO;
				CLANG_ANALYZER_NONNULL = YES;
				CLANG_ANALYZER_NUMBER_OBJECT_CONVERSION = YES_AGGRESSIVE;
				CLANG_CXX_LANGUAGE_STANDARD = "gnu++14";
				CLANG_CXX_LIBRARY = "libc++";
				CLANG_ENABLE_MODULES = YES;
				CLANG_ENABLE_OBJC_ARC = YES;
				CLANG_ENABLE_OBJC_WEAK = YES;
				CLANG_WARN_BLOCK_CAPTURE_AUTORELEASING = YES;
				CLANG_WARN_BOOL_CONVERSION = YES;
				CLANG_WARN_COMMA = YES;
				CLANG_WARN_CONSTANT_CONVERSION = YES;
				CLANG_WARN_DEPRECATED_OBJC_IMPLEMENTATIONS = YES;
				CLANG_WARN_DIRECT_OBJC_ISA_USAGE = YES_ERROR;
				CLANG_WARN_DOCUMENTATION_COMMENTS = YES;
				CLANG_WARN_EMPTY_BODY = YES;
				CLANG_WARN_ENUM_CONVERSION = YES;
				CLANG_WARN_INFINITE_RECURSION = YES;
				CLANG_WARN_INT_CONVERSION = YES;
				CLANG_WARN_NON_LITERAL_NULL_CONVERSION = YES;
				CLANG_WARN_OBJC_IMPLICIT_RETAIN_SELF = YES;
				CLANG_WARN_OBJC_LITERAL_CONVERSION = YES;
				CLANG_WARN_OBJC_ROOT_CLASS = YES_ERROR;
				CLANG_WARN_RANGE_LOOP_ANALYSIS = YES;
				CLANG_WARN_STRICT_PROTOTYPES = YES;
				CLANG_WARN_SUSPICIOUS_MOVE = YES;
				CLANG_WARN_UNGUARDED_AVAILABILITY = YES_AGGRESSIVE;
				CLANG_WARN_UNREACHABLE_CODE = YES;
				CLANG_WARN__DUPLICATE_METHOD_MATCH = YES;
				COPY_PHASE_STRIP = NO;
				DEBUG_INFORMATION_FORMAT = dwarf;
				ENABLE_STRICT_OBJC_MSGSEND = YES;
				ENABLE_TESTABILITY = YES;
				GCC_C_LANGUAGE_STANDARD = gnu11;
				GCC_DYNAMIC_NO_PIC = NO;
				GCC_NO_COMMON_BLOCKS = YES;
				GCC_OPTIMIZATION_LEVEL = 0;
				GCC_PREPROCESSOR_DEFINITIONS = (
					"DEBUG=1",
					"$(inherited)",
				);
				GCC_WARN_64_TO_32_BIT_CONVERSION = YES;
				GCC_WARN_ABOUT_RETURN_TYPE = YES_ERROR;
				GCC_WARN_UNDECLARED_SELECTOR = YES;
				GCC_WARN_UNINITIALIZED_AUTOS = YES_AGGRESSIVE;
				GCC_WARN_UNUSED_FUNCTION = YES;
				GCC_WARN_UNUSED_VARIABLE = YES;
				IPHONEOS_DEPLOYMENT_TARGET = 13.4;
				MTL_ENABLE_DEBUG_INFO = INCLUDE_SOURCE;
				MTL_FAST_MATH = YES;
				ONLY_ACTIVE_ARCH = YES;
				SDKROOT = iphoneos;
				SWIFT_ACTIVE_COMPILATION_CONDITIONS = DEBUG;
				SWIFT_OPTIMIZATION_LEVEL = "-Onone";
			};
			name = Debug;
		};
		665B5540248B113D009BD7DA /* Release */ = {
			isa = XCBuildConfiguration;
			buildSettings = {
				ALWAYS_SEARCH_USER_PATHS = NO;
				CLANG_ANALYZER_NONNULL = YES;
				CLANG_ANALYZER_NUMBER_OBJECT_CONVERSION = YES_AGGRESSIVE;
				CLANG_CXX_LANGUAGE_STANDARD = "gnu++14";
				CLANG_CXX_LIBRARY = "libc++";
				CLANG_ENABLE_MODULES = YES;
				CLANG_ENABLE_OBJC_ARC = YES;
				CLANG_ENABLE_OBJC_WEAK = YES;
				CLANG_WARN_BLOCK_CAPTURE_AUTORELEASING = YES;
				CLANG_WARN_BOOL_CONVERSION = YES;
				CLANG_WARN_COMMA = YES;
				CLANG_WARN_CONSTANT_CONVERSION = YES;
				CLANG_WARN_DEPRECATED_OBJC_IMPLEMENTATIONS = YES;
				CLANG_WARN_DIRECT_OBJC_ISA_USAGE = YES_ERROR;
				CLANG_WARN_DOCUMENTATION_COMMENTS = YES;
				CLANG_WARN_EMPTY_BODY = YES;
				CLANG_WARN_ENUM_CONVERSION = YES;
				CLANG_WARN_INFINITE_RECURSION = YES;
				CLANG_WARN_INT_CONVERSION = YES;
				CLANG_WARN_NON_LITERAL_NULL_CONVERSION = YES;
				CLANG_WARN_OBJC_IMPLICIT_RETAIN_SELF = YES;
				CLANG_WARN_OBJC_LITERAL_CONVERSION = YES;
				CLANG_WARN_OBJC_ROOT_CLASS = YES_ERROR;
				CLANG_WARN_RANGE_LOOP_ANALYSIS = YES;
				CLANG_WARN_STRICT_PROTOTYPES = YES;
				CLANG_WARN_SUSPICIOUS_MOVE = YES;
				CLANG_WARN_UNGUARDED_AVAILABILITY = YES_AGGRESSIVE;
				CLANG_WARN_UNREACHABLE_CODE = YES;
				CLANG_WARN__DUPLICATE_METHOD_MATCH = YES;
				COPY_PHASE_STRIP = NO;
				DEBUG_INFORMATION_FORMAT = "dwarf-with-dsym";
				ENABLE_NS_ASSERTIONS = NO;
				ENABLE_STRICT_OBJC_MSGSEND = YES;
				GCC_C_LANGUAGE_STANDARD = gnu11;
				GCC_NO_COMMON_BLOCKS = YES;
				GCC_WARN_64_TO_32_BIT_CONVERSION = YES;
				GCC_WARN_ABOUT_RETURN_TYPE = YES_ERROR;
				GCC_WARN_UNDECLARED_SELECTOR = YES;
				GCC_WARN_UNINITIALIZED_AUTOS = YES_AGGRESSIVE;
				GCC_WARN_UNUSED_FUNCTION = YES;
				GCC_WARN_UNUSED_VARIABLE = YES;
				IPHONEOS_DEPLOYMENT_TARGET = 13.4;
				MTL_ENABLE_DEBUG_INFO = NO;
				MTL_FAST_MATH = YES;
				SDKROOT = iphoneos;
				SWIFT_COMPILATION_MODE = wholemodule;
				SWIFT_OPTIMIZATION_LEVEL = "-O";
				VALIDATE_PRODUCT = YES;
			};
			name = Release;
		};
		665B5542248B113D009BD7DA /* Debug */ = {
			isa = XCBuildConfiguration;
			buildSettings = {
				ASSETCATALOG_COMPILER_APPICON_NAME = AppIcon;
				CODE_SIGN_STYLE = Automatic;
				INFOPLIST_FILE = BMICalculator/Info.plist;
				LD_RUNPATH_SEARCH_PATHS = (
					"$(inherited)",
					"@executable_path/Frameworks",
				);
				PRODUCT_BUNDLE_IDENTIFIER = mo3aru.BMICalculator;
				PRODUCT_NAME = "$(TARGET_NAME)";
				SWIFT_VERSION = 5.0;
				TARGETED_DEVICE_FAMILY = "1,2";
			};
			name = Debug;
		};
		665B5543248B113D009BD7DA /* Release */ = {
			isa = XCBuildConfiguration;
			buildSettings = {
				ASSETCATALOG_COMPILER_APPICON_NAME = AppIcon;
				CODE_SIGN_STYLE = Automatic;
				INFOPLIST_FILE = BMICalculator/Info.plist;
				LD_RUNPATH_SEARCH_PATHS = (
					"$(inherited)",
					"@executable_path/Frameworks",
				);
				PRODUCT_BUNDLE_IDENTIFIER = mo3aru.BMICalculator;
				PRODUCT_NAME = "$(TARGET_NAME)";
				SWIFT_VERSION = 5.0;
				TARGETED_DEVICE_FAMILY = "1,2";
			};
			name = Release;
		};
/* End XCBuildConfiguration section */

/* Begin XCConfigurationList section */
		665B5528248B113C009BD7DA /* Build configuration list for PBXProject "BMICalculator" */ = {
			isa = XCConfigurationList;
			buildConfigurations = (
				665B553F248B113D009BD7DA /* Debug */,
				665B5540248B113D009BD7DA /* Release */,
			);
			defaultConfigurationIsVisible = 0;
			defaultConfigurationName = Release;
		};
		665B5541248B113D009BD7DA /* Build configuration list for PBXNativeTarget "BMICalculator" */ = {
			isa = XCConfigurationList;
			buildConfigurations = (
				665B5542248B113D009BD7DA /* Debug */,
				665B5543248B113D009BD7DA /* Release */,
			);
			defaultConfigurationIsVisible = 0;
			defaultConfigurationName = Release;
		};
/* End XCConfigurationList section */
	};
	rootObject = 665B5525248B113C009BD7DA /* Project object */;
}
